// !$*UTF8*$!
{
	archiveVersion = 1;
	classes = {
	};
	objectVersion = 56;
	objects = {

/* Begin PBXBuildFile section */
		B00000000000000000000001 /* OpenChatApp.swift in Sources */ = {isa = PBXBuildFile; fileRef = F00000000000000000000001 /* OpenChatApp.swift */; };
		B00000000000000000000002 /* Conversation.swift in Sources */ = {isa = PBXBuildFile; fileRef = F00000000000000000000002 /* Conversation.swift */; };
		B00000000000000000000003 /* Message.swift in Sources */ = {isa = PBXBuildFile; fileRef = F00000000000000000000003 /* Message.swift */; };
		B00000000000000000000004 /* AIProvider.swift in Sources */ = {isa = PBXBuildFile; fileRef = F00000000000000000000004 /* AIProvider.swift */; };
		B00000000000000000000005 /* AIServiceProtocol.swift in Sources */ = {isa = PBXBuildFile; fileRef = F00000000000000000000005 /* AIServiceProtocol.swift */; };
		B00000000000000000000006 /* OpenAICompatibleProvider.swift in Sources */ = {isa = PBXBuildFile; fileRef = F00000000000000000000006 /* OpenAICompatibleProvider.swift */; };
		B00000000000000000000007 /* ModelFetchService.swift in Sources */ = {isa = PBXBuildFile; fileRef = F00000000000000000000007 /* ModelFetchService.swift */; };
		B00000000000000000000009 /* ChatViewModel.swift in Sources */ = {isa = PBXBuildFile; fileRef = F00000000000000000000009 /* ChatViewModel.swift */; };
		B0000000000000000000000A /* ConversationsViewModel.swift in Sources */ = {isa = PBXBuildFile; fileRef = F0000000000000000000000A /* ConversationsViewModel.swift */; };
		B0000000000000000000000B /* SettingsViewModel.swift in Sources */ = {isa = PBXBuildFile; fileRef = F0000000000000000000000B /* SettingsViewModel.swift */; };
		B0000000000000000000000C /* ContentView.swift in Sources */ = {isa = PBXBuildFile; fileRef = F0000000000000000000000C /* ContentView.swift */; };
		B0000000000000000000000D /* ChatView.swift in Sources */ = {isa = PBXBuildFile; fileRef = F0000000000000000000000D /* ChatView.swift */; };
		B0000000000000000000000E /* MessageBubbleView.swift in Sources */ = {isa = PBXBuildFile; fileRef = F0000000000000000000000E /* MessageBubbleView.swift */; };
		B0000000000000000000000F /* ConversationsListView.swift in Sources */ = {isa = PBXBuildFile; fileRef = F0000000000000000000000F /* ConversationsListView.swift */; };
		B00000000000000000000010 /* SettingsView.swift in Sources */ = {isa = PBXBuildFile; fileRef = F00000000000000000000010 /* SettingsView.swift */; };
		B00000000000000000000011 /* MarkdownView.swift in Sources */ = {isa = PBXBuildFile; fileRef = F00000000000000000000011 /* MarkdownView.swift */; };
		B00000000000000000000012 /* ChatDataStore.swift in Sources */ = {isa = PBXBuildFile; fileRef = F00000000000000000000012 /* ChatDataStore.swift */; };
		T000000000000000000000014 /* ChatViewModelTests.swift in Sources */ = {isa = PBXBuildFile; fileRef = T000000000000000000000010 /* ChatViewModelTests.swift */; };
		T000000000000000000000015 /* SettingsViewModelTests.swift in Sources */ = {isa = PBXBuildFile; fileRef = T000000000000000000000011 /* SettingsViewModelTests.swift */; };
		T000000000000000000000016 /* ModelFetchServiceTests.swift in Sources */ = {isa = PBXBuildFile; fileRef = T000000000000000000000012 /* ModelFetchServiceTests.swift */; };
		T000000000000000000000017 /* AIServiceProtocolTests.swift in Sources */ = {isa = PBXBuildFile; fileRef = T000000000000000000000013 /* AIServiceProtocolTests.swift */; };
/* End PBXBuildFile section */

/* Begin PBXFileReference section */
		A0000000000000000000000D /* open-chat.app */ = {isa = PBXFileReference; explicitFileType = wrapper.application; includeInIndex = 0; path = "open-chat.app"; sourceTree = BUILT_PRODUCTS_DIR; };
		T000000000000000000000002 /* open-chatTests.xctest */ = {isa = PBXFileReference; explicitFileType = wrapper.cfbundle; includeInIndex = 0; path = "open-chatTests.xctest"; sourceTree = BUILT_PRODUCTS_DIR; };
		F00000000000000000000001 /* OpenChatApp.swift */ = {isa = PBXFileReference; lastKnownFileType = sourcecode.swift; path = OpenChatApp.swift; sourceTree = "<group>"; };
		F00000000000000000000002 /* Conversation.swift */ = {isa = PBXFileReference; lastKnownFileType = sourcecode.swift; path = Conversation.swift; sourceTree = "<group>"; };
		F00000000000000000000003 /* Message.swift */ = {isa = PBXFileReference; lastKnownFileType = sourcecode.swift; path = Message.swift; sourceTree = "<group>"; };
		F00000000000000000000004 /* AIProvider.swift */ = {isa = PBXFileReference; lastKnownFileType = sourcecode.swift; path = AIProvider.swift; sourceTree = "<group>"; };
		F00000000000000000000005 /* AIServiceProtocol.swift */ = {isa = PBXFileReference; lastKnownFileType = sourcecode.swift; path = AIServiceProtocol.swift; sourceTree = "<group>"; };
		F00000000000000000000006 /* OpenAICompatibleProvider.swift */ = {isa = PBXFileReference; lastKnownFileType = sourcecode.swift; path = OpenAICompatibleProvider.swift; sourceTree = "<group>"; };
		F00000000000000000000007 /* ModelFetchService.swift */ = {isa = PBXFileReference; lastKnownFileType = sourcecode.swift; path = ModelFetchService.swift; sourceTree = "<group>"; };
		F00000000000000000000009 /* ChatViewModel.swift */ = {isa = PBXFileReference; lastKnownFileType = sourcecode.swift; path = ChatViewModel.swift; sourceTree = "<group>"; };
		F0000000000000000000000A /* ConversationsViewModel.swift */ = {isa = PBXFileReference; lastKnownFileType = sourcecode.swift; path = ConversationsViewModel.swift; sourceTree = "<group>"; };
		F0000000000000000000000B /* SettingsViewModel.swift */ = {isa = PBXFileReference; lastKnownFileType = sourcecode.swift; path = SettingsViewModel.swift; sourceTree = "<group>"; };
		F0000000000000000000000C /* ContentView.swift */ = {isa = PBXFileReference; lastKnownFileType = sourcecode.swift; path = ContentView.swift; sourceTree = "<group>"; };
		F0000000000000000000000D /* ChatView.swift */ = {isa = PBXFileReference; lastKnownFileType = sourcecode.swift; path = ChatView.swift; sourceTree = "<group>"; };
		F0000000000000000000000E /* MessageBubbleView.swift */ = {isa = PBXFileReference; lastKnownFileType = sourcecode.swift; path = MessageBubbleView.swift; sourceTree = "<group>"; };
		F0000000000000000000000F /* ConversationsListView.swift */ = {isa = PBXFileReference; lastKnownFileType = sourcecode.swift; path = ConversationsListView.swift; sourceTree = "<group>"; };
		F00000000000000000000010 /* SettingsView.swift */ = {isa = PBXFileReference; lastKnownFileType = sourcecode.swift; path = SettingsView.swift; sourceTree = "<group>"; };
		F00000000000000000000011 /* MarkdownView.swift */ = {isa = PBXFileReference; lastKnownFileType = sourcecode.swift; path = MarkdownView.swift; sourceTree = "<group>"; };
		F00000000000000000000012 /* ChatDataStore.swift */ = {isa = PBXFileReference; lastKnownFileType = sourcecode.swift; path = ChatDataStore.swift; sourceTree = "<group>"; };
		F00000000000000000000013 /* Info.plist */ = {isa = PBXFileReference; lastKnownFileType = text.plist.xml; path = Info.plist; sourceTree = "<group>"; };
		T000000000000000000000010 /* ChatViewModelTests.swift */ = {isa = PBXFileReference; lastKnownFileType = sourcecode.swift; path = ChatViewModelTests.swift; sourceTree = "<group>"; };
		T000000000000000000000011 /* SettingsViewModelTests.swift */ = {isa = PBXFileReference; lastKnownFileType = sourcecode.swift; path = SettingsViewModelTests.swift; sourceTree = "<group>"; };
		T000000000000000000000012 /* ModelFetchServiceTests.swift */ = {isa = PBXFileReference; lastKnownFileType = sourcecode.swift; path = ModelFetchServiceTests.swift; sourceTree = "<group>"; };
		T000000000000000000000013 /* AIServiceProtocolTests.swift */ = {isa = PBXFileReference; lastKnownFileType = sourcecode.swift; path = AIServiceProtocolTests.swift; sourceTree = "<group>"; };
/* End PBXFileReference section */

/* Begin PBXFrameworksBuildPhase section */
		A00000000000000000000010 /* Frameworks */ = {
			isa = PBXFrameworksBuildPhase;
			buildActionMask = 2147483647;
			files = (
			);
			runOnlyForDeploymentPostprocessing = 0;
		};
		T000000000000000000000004 /* Frameworks */ = {
			isa = PBXFrameworksBuildPhase;
			buildActionMask = 2147483647;
			files = (
			);
			runOnlyForDeploymentPostprocessing = 0;
		};
/* End PBXFrameworksBuildPhase section */

/* Begin PBXGroup section */
		A00000000000000000000002 = {
			isa = PBXGroup;
			children = (
				A00000000000000000000003 /* Sources */,
				A0000000000000000000000B /* Resources */,
				T000000000000000000000007 /* Tests */,
				A00000000000000000000004 /* Products */,
			);
			sourceTree = "<group>";
		};
		A00000000000000000000003 /* Sources */ = {
			isa = PBXGroup;
			children = (
				A00000000000000000000005 /* App */,
				A00000000000000000000006 /* Models */,
				A00000000000000000000009 /* Services */,
				A00000000000000000000008 /* ViewModels */,
				A00000000000000000000007 /* Views */,
				A0000000000000000000000A /* Persistence */,
			);
			path = Sources;
			sourceTree = "<group>";
		};
		A00000000000000000000004 /* Products */ = {
			isa = PBXGroup;
			children = (
				A0000000000000000000000D /* open-chat.app */,
			);
			name = Products;
			sourceTree = "<group>";
		};
		A00000000000000000000005 /* App */ = {
			isa = PBXGroup;
			children = (
				F00000000000000000000001 /* OpenChatApp.swift */,
			);
			path = App;
			sourceTree = "<group>";
		};
		A00000000000000000000006 /* Models */ = {
			isa = PBXGroup;
			children = (
				F00000000000000000000002 /* Conversation.swift */,
				F00000000000000000000003 /* Message.swift */,
				F00000000000000000000004 /* AIProvider.swift */,
			);
			path = Models;
			sourceTree = "<group>";
		};
		A00000000000000000000007 /* Views */ = {
			isa = PBXGroup;
			children = (
				F0000000000000000000000C /* ContentView.swift */,
				F0000000000000000000000D /* ChatView.swift */,
				F0000000000000000000000E /* MessageBubbleView.swift */,
				F0000000000000000000000F /* ConversationsListView.swift */,
				F00000000000000000000010 /* SettingsView.swift */,
				F00000000000000000000011 /* MarkdownView.swift */,
			);
			path = Views;
			sourceTree = "<group>";
		};
		A00000000000000000000008 /* ViewModels */ = {
			isa = PBXGroup;
			children = (
				F00000000000000000000009 /* ChatViewModel.swift */,
				F0000000000000000000000A /* ConversationsViewModel.swift */,
				F0000000000000000000000B /* SettingsViewModel.swift */,
			);
			path = ViewModels;
			sourceTree = "<group>";
		};
		A00000000000000000000009 /* Services */ = {
			isa = PBXGroup;
			children = (
				F00000000000000000000005 /* AIServiceProtocol.swift */,
				F00000000000000000000006 /* OpenAICompatibleProvider.swift */,
				F00000000000000000000007 /* ModelFetchService.swift */,
			);
			path = Services;
			sourceTree = "<group>";
		};
		A0000000000000000000000A /* Persistence */ = {
			isa = PBXGroup;
			children = (
				F00000000000000000000012 /* ChatDataStore.swift */,
			);
			path = Persistence;
			sourceTree = "<group>";
		};
		A0000000000000000000000B /* Resources */ = {
			isa = PBXGroup;
			children = (
				F00000000000000000000013 /* Info.plist */,
			);
			path = Resources;
			sourceTree = "<group>";
		};
		T000000000000000000000007 /* Tests */ = {
			isa = PBXGroup;
			children = (
				T000000000000000000000008 /* ViewModels */,
				T000000000000000000000009 /* Services */,
			);
			path = Tests;
			sourceTree = "<group>";
		};
		T000000000000000000000008 /* ViewModels */ = {
			isa = PBXGroup;
			children = (
				T000000000000000000000010 /* ChatViewModelTests.swift */,
				T000000000000000000000011 /* SettingsViewModelTests.swift */,
			);
			path = ViewModels;
			sourceTree = "<group>";
		};
		T000000000000000000000009 /* Services */ = {
			isa = PBXGroup;
			children = (
				T000000000000000000000012 /* ModelFetchServiceTests.swift */,
				T000000000000000000000013 /* AIServiceProtocolTests.swift */,
			);
			path = Services;
			sourceTree = "<group>";
		};
/* End PBXGroup section */

/* Begin PBXNativeTarget section */
		A0000000000000000000000C /* open-chat */ = {
			isa = PBXNativeTarget;
			buildConfigurationList = A00000000000000000000016 /* Build configuration list for PBXNativeTarget "open-chat" */;
			buildPhases = (
				A0000000000000000000000E /* Sources */,
				A00000000000000000000010 /* Frameworks */,
				A0000000000000000000000F /* Resources */,
			);
			buildRules = (
			);
			dependencies = (
			);
			name = "open-chat";
			productName = "open-chat";
			productReference = A0000000000000000000000D /* open-chat.app */;
			productType = "com.apple.product-type.application";
		};
		T3EE1C46A6BB84BD7A5289EB /* open-chatTests */ = {
			isa = PBXNativeTarget;
			buildConfigurationList = T8817F51F0D3644CB9E5C4AD /* Build configuration list for PBXNativeTarget "open-chatTests" */;
			buildPhases = (
				T96C47C167B1041C19ABAFA8 /* Sources */,
				T000000000000000000000004 /* Frameworks */,
			);
			buildRules = (
			);
			dependencies = (
			);
			name = "open-chatTests";
			productName = "open-chatTests";
			productReference = T000000000000000000000002 /* open-chatTests.xctest */;
			productType = "com.apple.product-type.bundle.unit-test";
		};

/* End PBXNativeTarget section */

/* Begin PBXProject section */
		A00000000000000000000001 /* Project object */ = {
			isa = PBXProject;
			attributes = {
				BuildIndependentTargetsInParallel = 1;
				LastSwiftUpdateCheck = 1600;
				LastUpgradeCheck = 1600;
				TargetAttributes = {
					A0000000000000000000000C = {
						CreatedOnToolsVersion = 16.0;
					};
					T3EE1C46A6BB84BD7A5289EB = {
						CreatedOnToolsVersion = 16.0;
						TestTargetID = A0000000000000000000000C;
					};
				};
			};
			buildConfigurationList = A00000000000000000000013 /* Build configuration list for PBXProject "open-chat" */;
			compatibilityVersion = "Xcode 14.0";
			developmentRegion = en;
			hasScannedForEncodings = 0;
			knownRegions = (
				en,
				Base,
			);
			mainGroup = A00000000000000000000002;
			productRefGroup = A00000000000000000000004 /* Products */;
			projectDirPath = "";
			projectRoot = "";
			targets = (
				A0000000000000000000000C /* open-chat */,
				T3EE1C46A6BB84BD7A5289EB /* open-chatTests */,
			);
		};
/* End PBXProject section */

/* Begin PBXResourcesBuildPhase section */
		A0000000000000000000000F /* Resources */ = {
			isa = PBXResourcesBuildPhase;
			buildActionMask = 2147483647;
			files = (
			);
			runOnlyForDeploymentPostprocessing = 0;
		};
/* End PBXResourcesBuildPhase section */

/* Begin PBXSourcesBuildPhase section */
		A0000000000000000000000E /* Sources */ = {
			isa = PBXSourcesBuildPhase;
			buildActionMask = 2147483647;
			files = (
				B00000000000000000000001 /* OpenChatApp.swift in Sources */,
				B00000000000000000000002 /* Conversation.swift in Sources */,
				B00000000000000000000003 /* Message.swift in Sources */,
				B00000000000000000000004 /* AIProvider.swift in Sources */,
				B00000000000000000000005 /* AIServiceProtocol.swift in Sources */,
				B00000000000000000000006 /* OpenAICompatibleProvider.swift in Sources */,
				B00000000000000000000007 /* ModelFetchService.swift in Sources */,
				B00000000000000000000009 /* ChatViewModel.swift in Sources */,
				B0000000000000000000000A /* ConversationsViewModel.swift in Sources */,
				B0000000000000000000000B /* SettingsViewModel.swift in Sources */,
				B0000000000000000000000C /* ContentView.swift in Sources */,
				B0000000000000000000000D /* ChatView.swift in Sources */,
				B0000000000000000000000E /* MessageBubbleView.swift in Sources */,
				B0000000000000000000000F /* ConversationsListView.swift in Sources */,
				B00000000000000000000010 /* SettingsView.swift in Sources */,
				B00000000000000000000011 /* MarkdownView.swift in Sources */,
				B00000000000000000000012 /* ChatDataStore.swift in Sources */,
			);
			runOnlyForDeploymentPostprocessing = 0;
		};
/* End PBXSourcesBuildPhase section */

/* Begin XCBuildConfiguration section */
		A00000000000000000000011 /* Debug */ = {
			isa = XCBuildConfiguration;
			buildSettings = {
				ALWAYS_SEARCH_USER_PATHS = NO;
				ASSETCATALOG_COMPILER_GENERATE_SWIFT_ASSET_SYMBOL_EXTENSIONS = YES;
				CLANG_ANALYZER_NONNULL = YES;
				CLANG_ANALYZER_NUMBER_OBJECT_CONVERSION = YES_AGGRESSIVE;
				CLANG_CXX_LANGUAGE_STANDARD = "gnu++20";
				CLANG_ENABLE_MODULES = YES;
				CLANG_ENABLE_OBJC_ARC = YES;
				CLANG_ENABLE_OBJC_WEAK = YES;
				CLANG_WARN_BLOCK_CAPTURE_AUTORELEASING = YES;
				CLANG_WARN_BOOL_CONVERSION = YES;
				CLANG_WARN_COMMA = YES;
				CLANG_WARN_CONSTANT_CONVERSION = YES;
				CLANG_WARN_DEPRECATED_OBJC_IMPLEMENTATIONS = YES;
				CLANG_WARN_DIRECT_OBJC_ISA_USAGE = YES_ERROR;
				CLANG_WARN_DOCUMENTATION_COMMENTS = YES;
				CLANG_WARN_EMPTY_BODY = YES;
				CLANG_WARN_ENUM_CONVERSION = YES;
				CLANG_WARN_INFINITE_RECURSION = YES;
				CLANG_WARN_INT_CONVERSION = YES;
				CLANG_WARN_NON_LITERAL_NULL_CONVERSION = YES;
				CLANG_WARN_OBJC_IMPLICIT_RETAIN_SELF = YES;
				CLANG_WARN_OBJC_LITERAL_CONVERSION = YES;
				CLANG_WARN_OBJC_ROOT_CLASS = YES_ERROR;
				CLANG_WARN_QUOTED_INCLUDE_IN_FRAMEWORK_HEADER = YES;
				CLANG_WARN_RANGE_LOOP_ANALYSIS = YES;
				CLANG_WARN_STRICT_PROTOTYPES = YES;
				CLANG_WARN_SUSPICIOUS_MOVE = YES;
				CLANG_WARN_UNGUARDED_AVAILABILITY = YES_AGGRESSIVE;
				CLANG_WARN_UNREACHABLE_CODE = YES;
				CLANG_WARN__DUPLICATE_METHOD_MATCH = YES;
				COPY_PHASE_STRIP = NO;
				DEBUG_INFORMATION_FORMAT = dwarf;
				ENABLE_STRICT_OBJC_MSGSEND = YES;
				ENABLE_TESTABILITY = YES;
				ENABLE_USER_SCRIPT_SANDBOXING = YES;
				GCC_C_LANGUAGE_STANDARD = gnu17;
				GCC_DYNAMIC_NO_PIC = NO;
				GCC_NO_COMMON_BLOCKS = YES;
				GCC_OPTIMIZATION_LEVEL = 0;
				GCC_PREPROCESSOR_DEFINITIONS = (
					"DEBUG=1",
					"$(inherited)",
				);
				GCC_WARN_64_TO_32_BIT_CONVERSION = YES;
				GCC_WARN_ABOUT_RETURN_TYPE = YES_ERROR;
				GCC_WARN_UNDECLARED_SELECTOR = YES;
				GCC_WARN_UNINITIALIZED_AUTOS = YES_AGGRESSIVE;
				GCC_WARN_UNUSED_FUNCTION = YES;
				GCC_WARN_UNUSED_VARIABLE = YES;
				IPHONEOS_DEPLOYMENT_TARGET = 18.0;
				LOCALIZATION_PREFERS_STRING_CATALOGS = YES;
				MTL_ENABLE_DEBUG_INFO = INCLUDE_SOURCE;
				MTL_FAST_MATH = YES;
				ONLY_ACTIVE_ARCH = YES;
				SDKROOT = iphoneos;
				SWIFT_ACTIVE_COMPILATION_CONDITIONS = "DEBUG $(inherited)";
				SWIFT_OPTIMIZATION_LEVEL = "-Onone";
				SWIFT_VERSION = 6.0;
			};
			name = Debug;
		};
		A00000000000000000000012 /* Release */ = {
			isa = XCBuildConfiguration;
			buildSettings = {
				ALWAYS_SEARCH_USER_PATHS = NO;
				ASSETCATALOG_COMPILER_GENERATE_SWIFT_ASSET_SYMBOL_EXTENSIONS = YES;
				CLANG_ANALYZER_NONNULL = YES;
				CLANG_ANALYZER_NUMBER_OBJECT_CONVERSION = YES_AGGRESSIVE;
				CLANG_CXX_LANGUAGE_STANDARD = "gnu++20";
				CLANG_ENABLE_MODULES = YES;
				CLANG_ENABLE_OBJC_ARC = YES;
				CLANG_ENABLE_OBJC_WEAK = YES;
				CLANG_WARN_BLOCK_CAPTURE_AUTORELEASING = YES;
				CLANG_WARN_BOOL_CONVERSION = YES;
				CLANG_WARN_COMMA = YES;
				CLANG_WARN_CONSTANT_CONVERSION = YES;
				CLANG_WARN_DEPRECATED_OBJC_IMPLEMENTATIONS = YES;
				CLANG_WARN_DIRECT_OBJC_ISA_USAGE = YES_ERROR;
				CLANG_WARN_DOCUMENTATION_COMMENTS = YES;
				CLANG_WARN_EMPTY_BODY = YES;
				CLANG_WARN_ENUM_CONVERSION = YES;
				CLANG_WARN_INFINITE_RECURSION = YES;
				CLANG_WARN_INT_CONVERSION = YES;
				CLANG_WARN_NON_LITERAL_NULL_CONVERSION = YES;
				CLANG_WARN_OBJC_IMPLICIT_RETAIN_SELF = YES;
				CLANG_WARN_OBJC_LITERAL_CONVERSION = YES;
				CLANG_WARN_OBJC_ROOT_CLASS = YES_ERROR;
				CLANG_WARN_QUOTED_INCLUDE_IN_FRAMEWORK_HEADER = YES;
				CLANG_WARN_RANGE_LOOP_ANALYSIS = YES;
				CLANG_WARN_STRICT_PROTOTYPES = YES;
				CLANG_WARN_SUSPICIOUS_MOVE = YES;
				CLANG_WARN_UNGUARDED_AVAILABILITY = YES_AGGRESSIVE;
				CLANG_WARN_UNREACHABLE_CODE = YES;
				CLANG_WARN__DUPLICATE_METHOD_MATCH = YES;
				COPY_PHASE_STRIP = NO;
				DEBUG_INFORMATION_FORMAT = "dwarf-with-dsym";
				ENABLE_NS_ASSERTIONS = NO;
				ENABLE_STRICT_OBJC_MSGSEND = YES;
				ENABLE_USER_SCRIPT_SANDBOXING = YES;
				GCC_C_LANGUAGE_STANDARD = gnu17;
				GCC_NO_COMMON_BLOCKS = YES;
				GCC_WARN_64_TO_32_BIT_CONVERSION = YES;
				GCC_WARN_ABOUT_RETURN_TYPE = YES_ERROR;
				GCC_WARN_UNDECLARED_SELECTOR = YES;
				GCC_WARN_UNINITIALIZED_AUTOS = YES_AGGRESSIVE;
				GCC_WARN_UNUSED_FUNCTION = YES;
				GCC_WARN_UNUSED_VARIABLE = YES;
				IPHONEOS_DEPLOYMENT_TARGET = 18.0;
				LOCALIZATION_PREFERS_STRING_CATALOGS = YES;
				MTL_ENABLE_DEBUG_INFO = NO;
				MTL_FAST_MATH = YES;
				SDKROOT = iphoneos;
				SWIFT_COMPILATION_MODE = wholemodule;
				SWIFT_OPTIMIZATION_LEVEL = "-O";
				SWIFT_VERSION = 6.0;
				VALIDATE_PRODUCT = YES;
			};
			name = Release;
		};
		A00000000000000000000014 /* Debug */ = {
			isa = XCBuildConfiguration;
			buildSettings = {
				ASSETCATALOG_COMPILER_APPICON_NAME = AppIcon;
				CODE_SIGN_STYLE = Automatic;
				CURRENT_PROJECT_VERSION = 1;
				GENERATE_INFOPLIST_FILE = NO;
				INFOPLIST_FILE = Resources/Info.plist;
				MARKETING_VERSION = 1.0;
				PRODUCT_BUNDLE_IDENTIFIER = com.namuan.openchat.app;
				PRODUCT_NAME = "$(TARGET_NAME)";
				SUPPORTS_MACCATALYST = NO;
				SUPPORTS_MAC_DESIGNED_FOR_IPHONE_IPAD = NO;
				SWIFT_EMIT_LOC_STRINGS = YES;
				TARGETED_DEVICE_FAMILY = "1,2";
			};
			name = Debug;
		};
		A00000000000000000000015 /* Release */ = {
			isa = XCBuildConfiguration;
			buildSettings = {
				ASSETCATALOG_COMPILER_APPICON_NAME = AppIcon;
				CODE_SIGN_STYLE = Automatic;
				CURRENT_PROJECT_VERSION = 1;
				GENERATE_INFOPLIST_FILE = NO;
				INFOPLIST_FILE = Resources/Info.plist;
				MARKETING_VERSION = 1.0;
				PRODUCT_BUNDLE_IDENTIFIER = com.namuan.openchat.app;
				PRODUCT_NAME = "$(TARGET_NAME)";
				SUPPORTS_MACCATALYST = NO;
				SUPPORTS_MAC_DESIGNED_FOR_IPHONE_IPAD = NO;
				SWIFT_EMIT_LOC_STRINGS = YES;
				TARGETED_DEVICE_FAMILY = "1,2";
			};
			name = Release;
		};
/* End XCBuildConfiguration section */

/* Begin XCConfigurationList section */
		A00000000000000000000013 /* Build configuration list for PBXProject "open-chat" */ = {
			isa = XCConfigurationList;
			buildConfigurations = (
				A00000000000000000000011 /* Debug */,
				A00000000000000000000012 /* Release */,
			);
			defaultConfigurationIsVisible = 0;
			defaultConfigurationName = Release;
		};
		A00000000000000000000016 /* Build configuration list for PBXNativeTarget "open-chat" */ = {
			isa = XCConfigurationList;
			buildConfigurations = (
				A00000000000000000000014 /* Debug */,
				A00000000000000000000015 /* Release */,
			);
			defaultConfigurationIsVisible = 0;
			defaultConfigurationName = Release;
		};
/* End XCConfigurationList section */
	};
		T5F9480BCFFB74153AF02465 /* Debug */ = {
			isa = XCBuildConfiguration;
			buildSettings = {
				BUNDLE_LOADER = "$(TEST_HOST)";
				CODE_SIGN_IDENTITY = "-";
				CODE_SIGN_STYLE = Automatic;
				GENERATE_INFOPLIST_FILE = YES;
				IPHONEOS_DEPLOYMENT_TARGET = 18.0;
				PRODUCT_BUNDLE_IDENTIFIER = com.namuan.openchat.tests;
				PRODUCT_NAME = "$(TARGET_NAME)";
				SWIFT_VERSION = 6.0;
				TEST_HOST = "$(BUILT_PRODUCTS_DIR)/open-chat.app/$(BUNDLE_EXECUTABLE_FOLDER_PATH)/open-chat";
			};
			name = Debug;
		};
		T8817F51F0D3644CB9E5C4AD /* Build configuration list for PBXNativeTarget "open-chatTests" */ = {
			isa = XCConfigurationList;
			buildConfigurations = (
				T5F9480BCFFB74153AF02465 /* Debug */,
			);
			defaultConfigurationIsVisible = 0;
			defaultConfigurationName = Debug;
		};

	rootObject = A00000000000000000000001 /* Project object */;
}
