// !$*UTF8*$!
{
	archiveVersion = 1;
	classes = {
	};
	objectVersion = 56;
	objects = {

/* Begin PBXBuildFile section */
		B9AB271EA39F248A693CC61B /* OpenChatApp.swift in Sources */ = {isa = PBXBuildFile; fileRef = F7505C88564AA49BCAEAB1B0 /* OpenChatApp.swift */; };
		B1982D385D18E45AEBA3D954 /* AIProvider.swift in Sources */ = {isa = PBXBuildFile; fileRef = FB1735EE147194105ACA1D75 /* AIProvider.swift */; };
		BAA73FD15D16D4EE38D411F4 /* Conversation.swift in Sources */ = {isa = PBXBuildFile; fileRef = F689A98B637C844BCA041E60 /* Conversation.swift */; };
		B40008A8022F443029906172 /* Message.swift in Sources */ = {isa = PBXBuildFile; fileRef = FB6BC4D73AD964F618763740 /* Message.swift */; };
		BBE2308F67517451E99BCAB8 /* AIServiceProtocol.swift in Sources */ = {isa = PBXBuildFile; fileRef = FB25F4F7DC2B54166828060C /* AIServiceProtocol.swift */; };
		BBC2BE32E09454955A3B7668 /* ModelFetchService.swift in Sources */ = {isa = PBXBuildFile; fileRef = F69191DD303404E32A1D2910 /* ModelFetchService.swift */; };
		B3AAC52799D2541B487E682F /* OpenAICompatibleProvider.swift in Sources */ = {isa = PBXBuildFile; fileRef = F53EEA5B5181D4E62AB7B719 /* OpenAICompatibleProvider.swift */; };
		B9736A11143A1439598C108F /* ChatViewModel.swift in Sources */ = {isa = PBXBuildFile; fileRef = F17669F2B46144F28A879591 /* ChatViewModel.swift */; };
		BEF113C49D45244D0AA19588 /* ConversationsViewModel.swift in Sources */ = {isa = PBXBuildFile; fileRef = FC209DA94D73C4A169CD8906 /* ConversationsViewModel.swift */; };
		B7ECF8B12499446F3A88BBA7 /* SettingsViewModel.swift in Sources */ = {isa = PBXBuildFile; fileRef = F62DBDAA5DF2B41559083AC8 /* SettingsViewModel.swift */; };
		BCDCA3215F12E4407AA53B33 /* ChatView.swift in Sources */ = {isa = PBXBuildFile; fileRef = F1EB8FA12205B471CAAACFA1 /* ChatView.swift */; };
		B97AD6A8A1AAE442FB998C7B /* ContentView.swift in Sources */ = {isa = PBXBuildFile; fileRef = F4ADA10B721AD4987A7AF29D /* ContentView.swift */; };
		BB4F96CDD38834D75AAC9036 /* ConversationsListView.swift in Sources */ = {isa = PBXBuildFile; fileRef = F87C5EF4B078B4D08B656AC8 /* ConversationsListView.swift */; };
		BA79642D73C8B4B1B9EB1B36 /* MarkdownView.swift in Sources */ = {isa = PBXBuildFile; fileRef = F270215158D244C9BB215E07 /* MarkdownView.swift */; };
		B1346B9FF765E4103B2F069F /* MessageBubbleView.swift in Sources */ = {isa = PBXBuildFile; fileRef = F2AFFB35D49044C28A20F87C /* MessageBubbleView.swift */; };
		BAD56B8DAB60E4B488767826 /* SettingsView.swift in Sources */ = {isa = PBXBuildFile; fileRef = FBA601D6957D9458395FFBD3 /* SettingsView.swift */; };
		B9256B59CFE7F4358A8EEE08 /* ChatDataStore.swift in Sources */ = {isa = PBXBuildFile; fileRef = FF620902B8B154C15BE08759 /* ChatDataStore.swift */; };
		T9C383BD8C84045CBA7985E0 /* ChatViewModelTests.swift in Sources */ = {isa = PBXBuildFile; fileRef = TD9B664A894C1499DB58870D /* ChatViewModelTests.swift */; };
		TBA565C4FF24D479CAA60A8C /* ConversationsViewModelTests.swift in Sources */ = {isa = PBXBuildFile; fileRef = T4F6C103CD84C448EA444008 /* ConversationsViewModelTests.swift */; };
		T546892C3D45E437F9B22FA8 /* SettingsViewModelTests.swift in Sources */ = {isa = PBXBuildFile; fileRef = T8310A44CD1B440888891631 /* SettingsViewModelTests.swift */; };
		T13C4FFE075A746B0BF3549D /* AIServiceProtocolTests.swift in Sources */ = {isa = PBXBuildFile; fileRef = T8DBCFBCC310249C686370C3 /* AIServiceProtocolTests.swift */; };
		T3C5AEB663A5A450495B6C67 /* ModelFetchServiceTests.swift in Sources */ = {isa = PBXBuildFile; fileRef = TE60BEF0ABCE44B319B6A3EB /* ModelFetchServiceTests.swift */; };
		T944420747EC24505AE7A875 /* OpenAICompatibleProviderTests.swift in Sources */ = {isa = PBXBuildFile; fileRef = T3263F687C2CB4A63A478A02 /* OpenAICompatibleProviderTests.swift */; };
		T033B9DD7F65C420A8A76DC4 /* ConversationModelTests.swift in Sources */ = {isa = PBXBuildFile; fileRef = T2D2C3EDE4F6947BEAD641AB /* ConversationModelTests.swift */; };
		TA1D0E481AEF342BD89F659A /* MockAIService.swift in Sources */ = {isa = PBXBuildFile; fileRef = T91817ACDCF14475F8522B13 /* MockAIService.swift */; };
		TD84EA843ED384EBFAA46E6A /* MockURLProtocol.swift in Sources */ = {isa = PBXBuildFile; fileRef = T8D3618FB437E48F8AD0193A /* MockURLProtocol.swift */; };
/* End PBXBuildFile section */

/* Begin PBXFileReference section */
		F7505C88564AA49BCAEAB1B0 /* OpenChatApp.swift */ = {isa = PBXFileReference; lastKnownFileType = sourcecode.swift; path = OpenChatApp.swift; sourceTree = "<group>"; };
		FB1735EE147194105ACA1D75 /* AIProvider.swift */ = {isa = PBXFileReference; lastKnownFileType = sourcecode.swift; path = AIProvider.swift; sourceTree = "<group>"; };
		F689A98B637C844BCA041E60 /* Conversation.swift */ = {isa = PBXFileReference; lastKnownFileType = sourcecode.swift; path = Conversation.swift; sourceTree = "<group>"; };
		FB6BC4D73AD964F618763740 /* Message.swift */ = {isa = PBXFileReference; lastKnownFileType = sourcecode.swift; path = Message.swift; sourceTree = "<group>"; };
		FB25F4F7DC2B54166828060C /* AIServiceProtocol.swift */ = {isa = PBXFileReference; lastKnownFileType = sourcecode.swift; path = AIServiceProtocol.swift; sourceTree = "<group>"; };
		F69191DD303404E32A1D2910 /* ModelFetchService.swift */ = {isa = PBXFileReference; lastKnownFileType = sourcecode.swift; path = ModelFetchService.swift; sourceTree = "<group>"; };
		F53EEA5B5181D4E62AB7B719 /* OpenAICompatibleProvider.swift */ = {isa = PBXFileReference; lastKnownFileType = sourcecode.swift; path = OpenAICompatibleProvider.swift; sourceTree = "<group>"; };
		F17669F2B46144F28A879591 /* ChatViewModel.swift */ = {isa = PBXFileReference; lastKnownFileType = sourcecode.swift; path = ChatViewModel.swift; sourceTree = "<group>"; };
		FC209DA94D73C4A169CD8906 /* ConversationsViewModel.swift */ = {isa = PBXFileReference; lastKnownFileType = sourcecode.swift; path = ConversationsViewModel.swift; sourceTree = "<group>"; };
		F62DBDAA5DF2B41559083AC8 /* SettingsViewModel.swift */ = {isa = PBXFileReference; lastKnownFileType = sourcecode.swift; path = SettingsViewModel.swift; sourceTree = "<group>"; };
		F1EB8FA12205B471CAAACFA1 /* ChatView.swift */ = {isa = PBXFileReference; lastKnownFileType = sourcecode.swift; path = ChatView.swift; sourceTree = "<group>"; };
		F4ADA10B721AD4987A7AF29D /* ContentView.swift */ = {isa = PBXFileReference; lastKnownFileType = sourcecode.swift; path = ContentView.swift; sourceTree = "<group>"; };
		F87C5EF4B078B4D08B656AC8 /* ConversationsListView.swift */ = {isa = PBXFileReference; lastKnownFileType = sourcecode.swift; path = ConversationsListView.swift; sourceTree = "<group>"; };
		F270215158D244C9BB215E07 /* MarkdownView.swift */ = {isa = PBXFileReference; lastKnownFileType = sourcecode.swift; path = MarkdownView.swift; sourceTree = "<group>"; };
		F2AFFB35D49044C28A20F87C /* MessageBubbleView.swift */ = {isa = PBXFileReference; lastKnownFileType = sourcecode.swift; path = MessageBubbleView.swift; sourceTree = "<group>"; };
		FBA601D6957D9458395FFBD3 /* SettingsView.swift */ = {isa = PBXFileReference; lastKnownFileType = sourcecode.swift; path = SettingsView.swift; sourceTree = "<group>"; };
		FF620902B8B154C15BE08759 /* ChatDataStore.swift */ = {isa = PBXFileReference; lastKnownFileType = sourcecode.swift; path = ChatDataStore.swift; sourceTree = "<group>"; };
		FEAF84F0D00474AFBB6BD8A0 /* Info.plist */ = {isa = PBXFileReference; lastKnownFileType = text.plist.xml; path = Info.plist; sourceTree = "<group>"; };
		TD9B664A894C1499DB58870D /* ChatViewModelTests.swift */ = {isa = PBXFileReference; lastKnownFileType = sourcecode.swift; path = ChatViewModelTests.swift; sourceTree = "<group>"; };
		T4F6C103CD84C448EA444008 /* ConversationsViewModelTests.swift */ = {isa = PBXFileReference; lastKnownFileType = sourcecode.swift; path = ConversationsViewModelTests.swift; sourceTree = "<group>"; };
		T8310A44CD1B440888891631 /* SettingsViewModelTests.swift */ = {isa = PBXFileReference; lastKnownFileType = sourcecode.swift; path = SettingsViewModelTests.swift; sourceTree = "<group>"; };
		T8DBCFBCC310249C686370C3 /* AIServiceProtocolTests.swift */ = {isa = PBXFileReference; lastKnownFileType = sourcecode.swift; path = AIServiceProtocolTests.swift; sourceTree = "<group>"; };
		TE60BEF0ABCE44B319B6A3EB /* ModelFetchServiceTests.swift */ = {isa = PBXFileReference; lastKnownFileType = sourcecode.swift; path = ModelFetchServiceTests.swift; sourceTree = "<group>"; };
		T3263F687C2CB4A63A478A02 /* OpenAICompatibleProviderTests.swift */ = {isa = PBXFileReference; lastKnownFileType = sourcecode.swift; path = OpenAICompatibleProviderTests.swift; sourceTree = "<group>"; };
		T2D2C3EDE4F6947BEAD641AB /* ConversationModelTests.swift */ = {isa = PBXFileReference; lastKnownFileType = sourcecode.swift; path = ConversationModelTests.swift; sourceTree = "<group>"; };
		T91817ACDCF14475F8522B13 /* MockAIService.swift */ = {isa = PBXFileReference; lastKnownFileType = sourcecode.swift; path = MockAIService.swift; sourceTree = "<group>"; };
		T8D3618FB437E48F8AD0193A /* MockURLProtocol.swift */ = {isa = PBXFileReference; lastKnownFileType = sourcecode.swift; path = MockURLProtocol.swift; sourceTree = "<group>"; };
		A8AFA91BCF80F431DBF85849 /* open-chat.app */ = {isa = PBXFileReference; explicitFileType = wrapper.application; includeInIndex = 0; path = "open-chat.app"; sourceTree = BUILT_PRODUCTS_DIR; };
		TFFA05AEF56564AFFB5C83E2 /* open-chatTests.xctest */ = {isa = PBXFileReference; explicitFileType = wrapper.cfbundle; includeInIndex = 0; path = "open-chatTests.xctest"; sourceTree = BUILT_PRODUCTS_DIR; };
/* End PBXFileReference section */

/* Begin PBXFrameworksBuildPhase section */
		AB9AF00AAF2C34714B47F6F9 /* Frameworks */ = {
			isa = PBXFrameworksBuildPhase;
			buildActionMask = 2147483647;
			files = (
			);
			runOnlyForDeploymentPostprocessing = 0;
		};
		TB60C896BB4934B1194D1176 /* Frameworks */ = {
			isa = PBXFrameworksBuildPhase;
			buildActionMask = 2147483647;
			files = (
			);
			runOnlyForDeploymentPostprocessing = 0;
		};
/* End PBXFrameworksBuildPhase section */

/* Begin PBXGroup section */
		A6F52DB1D233E4137969DA0F = {
			isa = PBXGroup;
			children = (
				A275EEF01BCA64ECE82AF8B7 /* Sources */,
				A231EF20EBE884472B8FD91E /* Resources */,
				T6831D3282A5F410987F3B46 /* Tests */,
				ACAE1A9565A674831837ABD3 /* Products */,
			);
			sourceTree = "<group>";
		};
		A275EEF01BCA64ECE82AF8B7 /* Sources */ = {
			isa = PBXGroup;
			children = (
				AC99FF4BBD75043019AE048A /* App */,
				A9F744345F68545B1A042365 /* Models */,
				AC5DEC4A63A6B49A393882BC /* Services */,
				A3F38009D778C498DA430824 /* ViewModels */,
				A0EB4F69D0969446A9498BE8 /* Views */,
				A25BEA71C197C4D79ACFB507 /* Persistence */,
			);
			path = Sources;
			sourceTree = "<group>";
		};
		AC99FF4BBD75043019AE048A /* App */ = {
			isa = PBXGroup;
			children = (
				F7505C88564AA49BCAEAB1B0 /* OpenChatApp.swift */,
			);
			path = App;
			sourceTree = "<group>";
		};
		A9F744345F68545B1A042365 /* Models */ = {
			isa = PBXGroup;
			children = (
				FB1735EE147194105ACA1D75 /* AIProvider.swift */,
				F689A98B637C844BCA041E60 /* Conversation.swift */,
				FB6BC4D73AD964F618763740 /* Message.swift */,
			);
			path = Models;
			sourceTree = "<group>";
		};
		AC5DEC4A63A6B49A393882BC /* Services */ = {
			isa = PBXGroup;
			children = (
				FB25F4F7DC2B54166828060C /* AIServiceProtocol.swift */,
				F69191DD303404E32A1D2910 /* ModelFetchService.swift */,
				F53EEA5B5181D4E62AB7B719 /* OpenAICompatibleProvider.swift */,
			);
			path = Services;
			sourceTree = "<group>";
		};
		A3F38009D778C498DA430824 /* ViewModels */ = {
			isa = PBXGroup;
			children = (
				F17669F2B46144F28A879591 /* ChatViewModel.swift */,
				FC209DA94D73C4A169CD8906 /* ConversationsViewModel.swift */,
				F62DBDAA5DF2B41559083AC8 /* SettingsViewModel.swift */,
			);
			path = ViewModels;
			sourceTree = "<group>";
		};
		A0EB4F69D0969446A9498BE8 /* Views */ = {
			isa = PBXGroup;
			children = (
				F1EB8FA12205B471CAAACFA1 /* ChatView.swift */,
				F4ADA10B721AD4987A7AF29D /* ContentView.swift */,
				F87C5EF4B078B4D08B656AC8 /* ConversationsListView.swift */,
				F270215158D244C9BB215E07 /* MarkdownView.swift */,
				F2AFFB35D49044C28A20F87C /* MessageBubbleView.swift */,
				FBA601D6957D9458395FFBD3 /* SettingsView.swift */,
			);
			path = Views;
			sourceTree = "<group>";
		};
		A25BEA71C197C4D79ACFB507 /* Persistence */ = {
			isa = PBXGroup;
			children = (
				FF620902B8B154C15BE08759 /* ChatDataStore.swift */,
			);
			path = Persistence;
			sourceTree = "<group>";
		};
		A231EF20EBE884472B8FD91E /* Resources */ = {
			isa = PBXGroup;
			children = (
				FEAF84F0D00474AFBB6BD8A0 /* Info.plist */,
			);
			path = Resources;
			sourceTree = "<group>";
		};
		T6831D3282A5F410987F3B46 /* Tests */ = {
			isa = PBXGroup;
			children = (
				T5DDD58C9E71B4794A601079 /* ViewModels */,
				T56AEA32387AC4E43B524CAB /* Services */,
				T2A3F33F515764E4FA541E1E /* Models */,
				T5D2375EA438D4FE0849E75F /* Support */,
			);
			path = Tests;
			sourceTree = "<group>";
		};
		T5DDD58C9E71B4794A601079 /* ViewModels */ = {
			isa = PBXGroup;
			children = (
				TD9B664A894C1499DB58870D /* ChatViewModelTests.swift */,
				T4F6C103CD84C448EA444008 /* ConversationsViewModelTests.swift */,
				T8310A44CD1B440888891631 /* SettingsViewModelTests.swift */,
			);
			path = ViewModels;
			sourceTree = "<group>";
		};
		T56AEA32387AC4E43B524CAB /* Services */ = {
			isa = PBXGroup;
			children = (
				T8DBCFBCC310249C686370C3 /* AIServiceProtocolTests.swift */,
				TE60BEF0ABCE44B319B6A3EB /* ModelFetchServiceTests.swift */,
				T3263F687C2CB4A63A478A02 /* OpenAICompatibleProviderTests.swift */,
			);
			path = Services;
			sourceTree = "<group>";
		};
		T2A3F33F515764E4FA541E1E /* Models */ = {
			isa = PBXGroup;
			children = (
				T2D2C3EDE4F6947BEAD641AB /* ConversationModelTests.swift */,
			);
			path = Models;
			sourceTree = "<group>";
		};
		T5D2375EA438D4FE0849E75F /* Support */ = {
			isa = PBXGroup;
			children = (
				T91817ACDCF14475F8522B13 /* MockAIService.swift */,
				T8D3618FB437E48F8AD0193A /* MockURLProtocol.swift */,
			);
			path = Support;
			sourceTree = "<group>";
		};
		ACAE1A9565A674831837ABD3 /* Products */ = {
			isa = PBXGroup;
			children = (
				A8AFA91BCF80F431DBF85849 /* open-chat.app */,
				TFFA05AEF56564AFFB5C83E2 /* open-chatTests.xctest */,
			);
			name = Products;
			sourceTree = "<group>";
		};
/* End PBXGroup section */

/* Begin PBXNativeTarget section */
		A08CF02BF89044077A9170BA /* open-chat */ = {
			isa = PBXNativeTarget;
			buildConfigurationList = A816AAC2449E54E5ABAD1A0B /* Build configuration list for PBXNativeTarget "open-chat" */;
			buildPhases = (
				A5BCBF4C1910A416785DE401 /* Sources */,
				AB9AF00AAF2C34714B47F6F9 /* Frameworks */,
				A3059A49539B64B24A812013 /* Resources */,
			);
			buildRules = (
			);
			dependencies = (
			);
			name = "open-chat";
			productName = "open-chat";
			productReference = A8AFA91BCF80F431DBF85849 /* open-chat.app */;
			productType = "com.apple.product-type.application";
		};
		T5969041BA79A48F0AC8F6D1 /* open-chatTests */ = {
			isa = PBXNativeTarget;
			buildConfigurationList = TBB8B3936CFCD4545A1C79DF /* Build configuration list for PBXNativeTarget "open-chatTests" */;
			buildPhases = (
				T5261E0C3D2D047E48F4C739 /* Sources */,
				TB60C896BB4934B1194D1176 /* Frameworks */,
			);
			buildRules = (
			);
			dependencies = (
				DF2ACAFDD8BE64826B8A2FB9 /* PBXTargetDependency */,
			);
			name = "open-chatTests";
			productName = "open-chatTests";
			productReference = TFFA05AEF56564AFFB5C83E2 /* open-chatTests.xctest */;
			productType = "com.apple.product-type.bundle.unit-test";
		};
/* End PBXNativeTarget section */

/* Begin PBXProject section */
		A4968117E33EA464DB3E9C1C /* Project object */ = {
			isa = PBXProject;
			attributes = {
				BuildIndependentTargetsInParallel = 1;
				LastSwiftUpdateCheck = 1600;
				LastUpgradeCheck = 1600;
				TargetAttributes = {
					A08CF02BF89044077A9170BA = {
						CreatedOnToolsVersion = 16.0;
					};
					T5969041BA79A48F0AC8F6D1 = {
						CreatedOnToolsVersion = 16.0;
						TestTargetID = A08CF02BF89044077A9170BA;
					};
				};
			};
			buildConfigurationList = A57DA39451D014F70927739E /* Build configuration list for PBXProject "open-chat" */;
			compatibilityVersion = "Xcode 14.0";
			developmentRegion = en;
			hasScannedForEncodings = 0;
			knownRegions = (
				en,
				Base,
			);
			mainGroup = A6F52DB1D233E4137969DA0F;
			productRefGroup = ACAE1A9565A674831837ABD3 /* Products */;
			projectDirPath = "";
			projectRoot = "";
			targets = (
				A08CF02BF89044077A9170BA /* open-chat */,
				T5969041BA79A48F0AC8F6D1 /* open-chatTests */,
			);
		};
/* End PBXProject section */

/* Begin PBXResourcesBuildPhase section */
		A3059A49539B64B24A812013 /* Resources */ = {
			isa = PBXResourcesBuildPhase;
			buildActionMask = 2147483647;
			files = (
			);
			runOnlyForDeploymentPostprocessing = 0;
		};
/* End PBXResourcesBuildPhase section */

/* Begin PBXSourcesBuildPhase section */
		A5BCBF4C1910A416785DE401 /* Sources */ = {
			isa = PBXSourcesBuildPhase;
			buildActionMask = 2147483647;
			files = (
				B9AB271EA39F248A693CC61B /* OpenChatApp.swift in Sources */,
				B1982D385D18E45AEBA3D954 /* AIProvider.swift in Sources */,
				BAA73FD15D16D4EE38D411F4 /* Conversation.swift in Sources */,
				B40008A8022F443029906172 /* Message.swift in Sources */,
				BBE2308F67517451E99BCAB8 /* AIServiceProtocol.swift in Sources */,
				BBC2BE32E09454955A3B7668 /* ModelFetchService.swift in Sources */,
				B3AAC52799D2541B487E682F /* OpenAICompatibleProvider.swift in Sources */,
				B9736A11143A1439598C108F /* ChatViewModel.swift in Sources */,
				BEF113C49D45244D0AA19588 /* ConversationsViewModel.swift in Sources */,
				B7ECF8B12499446F3A88BBA7 /* SettingsViewModel.swift in Sources */,
				BCDCA3215F12E4407AA53B33 /* ChatView.swift in Sources */,
				B97AD6A8A1AAE442FB998C7B /* ContentView.swift in Sources */,
				BB4F96CDD38834D75AAC9036 /* ConversationsListView.swift in Sources */,
				BA79642D73C8B4B1B9EB1B36 /* MarkdownView.swift in Sources */,
				B1346B9FF765E4103B2F069F /* MessageBubbleView.swift in Sources */,
				BAD56B8DAB60E4B488767826 /* SettingsView.swift in Sources */,
				B9256B59CFE7F4358A8EEE08 /* ChatDataStore.swift in Sources */,
			);
			runOnlyForDeploymentPostprocessing = 0;
		};
		T5261E0C3D2D047E48F4C739 /* Sources */ = {
			isa = PBXSourcesBuildPhase;
			buildActionMask = 2147483647;
			files = (
				T9C383BD8C84045CBA7985E0 /* ChatViewModelTests.swift in Sources */,
				TBA565C4FF24D479CAA60A8C /* ConversationsViewModelTests.swift in Sources */,
				T546892C3D45E437F9B22FA8 /* SettingsViewModelTests.swift in Sources */,
				T13C4FFE075A746B0BF3549D /* AIServiceProtocolTests.swift in Sources */,
				T3C5AEB663A5A450495B6C67 /* ModelFetchServiceTests.swift in Sources */,
				T944420747EC24505AE7A875 /* OpenAICompatibleProviderTests.swift in Sources */,
				T033B9DD7F65C420A8A76DC4 /* ConversationModelTests.swift in Sources */,
				TA1D0E481AEF342BD89F659A /* MockAIService.swift in Sources */,
				TD84EA843ED384EBFAA46E6A /* MockURLProtocol.swift in Sources */,
			);
			runOnlyForDeploymentPostprocessing = 0;
		};
/* End PBXSourcesBuildPhase section */

/* Begin XCBuildConfiguration section */
		AA8B545F7B1264648AF621A6 /* Debug */ = {
			isa = XCBuildConfiguration;
			buildSettings = {
				ALWAYS_SEARCH_USER_PATHS = NO;
				CLANG_ANALYZER_NONNULL = YES;
				CLANG_ENABLE_MODULES = YES;
				CLANG_ENABLE_OBJC_ARC = YES;
				COPY_PHASE_STRIP = NO;
				DEBUG_INFORMATION_FORMAT = dwarf;
				ENABLE_TESTABILITY = YES;
				GCC_OPTIMIZATION_LEVEL = 0;
				IPHONEOS_DEPLOYMENT_TARGET = 18.0;
				ONLY_ACTIVE_ARCH = YES;
				SDKROOT = iphoneos;
				SWIFT_ACTIVE_COMPILATION_CONDITIONS = "DEBUG $(inherited)";
				SWIFT_OPTIMIZATION_LEVEL = "-Onone";
				SWIFT_VERSION = 6.0;
			};
			name = Debug;
		};
		A8375CC0980CF40D783794C8 /* Release */ = {
			isa = XCBuildConfiguration;
			buildSettings = {
				ALWAYS_SEARCH_USER_PATHS = NO;
				CLANG_ANALYZER_NONNULL = YES;
				CLANG_ENABLE_MODULES = YES;
				CLANG_ENABLE_OBJC_ARC = YES;
				COPY_PHASE_STRIP = NO;
				DEBUG_INFORMATION_FORMAT = "dwarf-with-dsym";
				ENABLE_NS_ASSERTIONS = NO;
				IPHONEOS_DEPLOYMENT_TARGET = 18.0;
				SDKROOT = iphoneos;
				SWIFT_COMPILATION_MODE = wholemodule;
				SWIFT_OPTIMIZATION_LEVEL = "-O";
				SWIFT_VERSION = 6.0;
				VALIDATE_PRODUCT = YES;
			};
			name = Release;
		};
		A6F6FF814E2B9431AA22B1F9 /* Debug */ = {
			isa = XCBuildConfiguration;
			buildSettings = {
				CODE_SIGN_STYLE = Automatic;
				CURRENT_PROJECT_VERSION = 1;
				GENERATE_INFOPLIST_FILE = NO;
				INFOPLIST_FILE = Resources/Info.plist;
				MARKETING_VERSION = 1.0;
				PRODUCT_BUNDLE_IDENTIFIER = com.namuan.openchat.app;
				PRODUCT_NAME = "$(TARGET_NAME)";
				SWIFT_EMIT_LOC_STRINGS = YES;
				TARGETED_DEVICE_FAMILY = "1,2";
			};
			name = Debug;
		};
		A2FC6FC3038A14BF49D96CAD /* Release */ = {
			isa = XCBuildConfiguration;
			buildSettings = {
				CODE_SIGN_STYLE = Automatic;
				CURRENT_PROJECT_VERSION = 1;
				GENERATE_INFOPLIST_FILE = NO;
				INFOPLIST_FILE = Resources/Info.plist;
				MARKETING_VERSION = 1.0;
				PRODUCT_BUNDLE_IDENTIFIER = com.namuan.openchat.app;
				PRODUCT_NAME = "$(TARGET_NAME)";
				SWIFT_EMIT_LOC_STRINGS = YES;
				TARGETED_DEVICE_FAMILY = "1,2";
			};
			name = Release;
		};
		T4049177733DA445F87210A0 /* Debug */ = {
			isa = XCBuildConfiguration;
			buildSettings = {
				BUNDLE_LOADER = "$(TEST_HOST)";
				CODE_SIGN_IDENTITY = "-";
				CODE_SIGN_STYLE = Automatic;
				GENERATE_INFOPLIST_FILE = YES;
				IPHONEOS_DEPLOYMENT_TARGET = 18.0;
				PRODUCT_BUNDLE_IDENTIFIER = com.namuan.openchat.tests;
				PRODUCT_NAME = "$(TARGET_NAME)";
				SWIFT_VERSION = 6.0;
				TEST_HOST = "$(BUILT_PRODUCTS_DIR)/open-chat.app/$(BUNDLE_EXECUTABLE_FOLDER_PATH)/open-chat";
			};
			name = Debug;
		};
/* End XCBuildConfiguration section */

/* Begin PBXTargetDependency section */
		DF2ACAFDD8BE64826B8A2FB9 /* PBXTargetDependency */ = {
			isa = PBXTargetDependency;
			target = A08CF02BF89044077A9170BA /* open-chat */;
		};
/* End PBXTargetDependency section */

/* Begin XCConfigurationList section */
		A57DA39451D014F70927739E /* Build configuration list for PBXProject "open-chat" */ = {
			isa = XCConfigurationList;
			buildConfigurations = (
				AA8B545F7B1264648AF621A6 /* Debug */,
				A8375CC0980CF40D783794C8 /* Release */,
			);
			defaultConfigurationIsVisible = 0;
			defaultConfigurationName = Release;
		};
		A816AAC2449E54E5ABAD1A0B /* Build configuration list for PBXNativeTarget "open-chat" */ = {
			isa = XCConfigurationList;
			buildConfigurations = (
				A6F6FF814E2B9431AA22B1F9 /* Debug */,
				A2FC6FC3038A14BF49D96CAD /* Release */,
			);
			defaultConfigurationIsVisible = 0;
			defaultConfigurationName = Release;
		};
		TBB8B3936CFCD4545A1C79DF /* Build configuration list for PBXNativeTarget "open-chatTests" */ = {
			isa = XCConfigurationList;
			buildConfigurations = (
				T4049177733DA445F87210A0 /* Debug */,
			);
			defaultConfigurationIsVisible = 0;
			defaultConfigurationName = Debug;
		};
/* End XCConfigurationList section */
	};
	rootObject = A4968117E33EA464DB3E9C1C /* Project object */;
}
